{
  "name": "promptometer-web",
  "version": "1.0.0",
  "lockfileVersion": 3,
  "requires": true,
  "packages": {
    "": {
      "name": "promptometer-web",
      "version": "1.0.0",
      "license": "MIT",
      "dependencies": {
        "promptometer-core": "file:packages/core"
      }
    },
    "node_modules/promptometer-core": {
      "resolved": "packages/core",
      "link": true
    },
    "packages/core": {
      "name": "promptometer-core",
      "version": "1.1.0",
      "license": "MIT"
    }
  }
}
