{
  "name": "promptforge-web",
  "version": "1.0.0",
  "lockfileVersion": 3,
  "requires": true,
  "packages": {
    "": {
      "name": "promptforge-web",
      "version": "1.0.0",
      "license": "MIT",
      "dependencies": {
        "promptometer-core": "^1.0.0"
      }
    },
    "node_modules/promptometer-core": {
      "version": "1.0.0",
      "resolved": "https://registry.npmjs.org/promptometer-core/-/promptometer-core-1.0.0.tgz",
      "integrity": "sha512-M0D9AJ8uY0qflKHF7J+n2lotiJatCjhEBGZRtc/FObofiEZnn+cmQg0ppoPfEEalg3SXSUz+UAnQjQUhfyBAsQ==",
      "license": "MIT"
    }
  }
}
